
Microsoft Visual Studio Solution File, Format Version 12.00
# Visual Studio Version 16
VisualStudioVersion = 16.0.29806.167
MinimumVisualStudioVersion = 10.0.40219.1
Project("{FAE04EC0-301F-11D3-BF4B-00C04F79EFBC}") = "Stack", "Stack.csproj", "{F7042126-EAF7-4230-A2A3-D429E4251B85}"
EndProject
Global
	GlobalSection(SolutionConfigurationPlatforms) = preSolution
		Debug|Any CPU = Debug|Any CPU
		Release|Any CPU = Release|Any CPU
	EndGlobalSection
	GlobalSection(ProjectConfigurationPlatforms) = postSolution
		{F7042126-EAF7-4230-A2A3-D429E4251B85}.Debug|Any CPU.ActiveCfg = Debug|Any CPU
		{F7042126-EAF7-4230-A2A3-D429E4251B85}.Debug|Any CPU.Build.0 = Debug|Any CPU
		{F7042126-EAF7-4230-A2A3-D429E4251B85}.Release|Any CPU.ActiveCfg = Release|Any CPU
		{F7042126-EAF7-4230-A2A3-D429E4251B85}.Release|Any CPU.Build.0 = Release|Any CPU
	EndGlobalSection
	GlobalSection(SolutionProperties) = preSolution
		HideSolutionNode = FALSE
	EndGlobalSection
	GlobalSection(ExtensibilityGlobals) = postSolution
		SolutionGuid = {1AB4B037-A6AB-494A-BAB9-A0AEB8E16A68}
	EndGlobalSection
EndGlobal
